
Microsoft Visual Studio Solution File, Format Version 12.00
# Visual Studio Version 16
VisualStudioVersion = 16.0.35425.106
MinimumVisualStudioVersion = 10.0.40219.1
Project("{FAE04EC0-301F-11D3-BF4B-00C04F79EFBC}") = "WingtipToys", "WingtipToys\WingtipToys.csproj", "{2A6F2EEF-9283-4B77-A954-FE6E04956E9C}"
EndProject
Global
	GlobalSection(SolutionConfigurationPlatforms) = preSolution
		Debug|Any CPU = Debug|Any CPU
		Release|Any CPU = Release|Any CPU
	EndGlobalSection
	GlobalSection(ProjectConfigurationPlatforms) = postSolution
		{2A6F2EEF-9283-4B77-A954-FE6E04956E9C}.Debug|Any CPU.ActiveCfg = Debug|Any CPU
		{2A6F2EEF-9283-4B77-A954-FE6E04956E9C}.Debug|Any CPU.Build.0 = Debug|Any CPU
		{2A6F2EEF-9283-4B77-A954-FE6E04956E9C}.Release|Any CPU.ActiveCfg = Release|Any CPU
		{2A6F2EEF-9283-4B77-A954-FE6E04956E9C}.Release|Any CPU.Build.0 = Release|Any CPU
	EndGlobalSection
	GlobalSection(SolutionProperties) = preSolution
		HideSolutionNode = FALSE
	EndGlobalSection
	GlobalSection(ExtensibilityGlobals) = postSolution
		SolutionGuid = {30B5CB48-D03C-4557-9F41-C3CEBB9D997B}
	EndGlobalSection
EndGlobal
